version = 1
revision = 3
requires-python = ">=3.11"

[[package]]
name = "colorama"
version = "0.4.6"
source = { registry = "https://pypi.org/simple" }
sdist = { url = "https://files.pythonhosted.org/packages/d8/53/6f443c9a4a8358a93a6792e2acffb9d9d5cb0a5cfd8802644b7b1c9a02e4/colorama-0.4.6.tar.gz", hash = "sha256:08695f5cb7ed6e0531a20572697297273c47b8cae5a63ffc6d6ed5c201be6e44", size = 27697, upload-time = "2022-10-25T02:36:22.414Z" }
wheels = [
    { url = "https://files.pythonhosted.org/packages/d1/d6/3965ed04c63042e047cb6a3e6ed1a63a35087b6a609aa3a15ed8ac56c221/colorama-0.4.6-py2.py3-none-any.whl", hash = "sha256:4f1d9991f5acc0ca119f9d443620b77f9d6b33703e51011c16baf57afb285fc6", size = 25335, upload-time = "2022-10-25T02:36:20.889Z" },
]

[[package]]
name = "iniconfig"
version = "2.3.0"
source = { registry = "https://pypi.org/simple" }
sdist = { url = "https://files.pythonhosted.org/packages/72/34/14ca021ce8e5dfedc35312d08ba8bf51fdd999c576889fc2c24cb97f4f10/iniconfig-2.3.0.tar.gz", hash = "sha256:c76315c77db068650d49c5b56314774a7804df16fee4402c1f19d6d15d8c4730", size = 20503, upload-time = "2025-10-18T21:55:43.219Z" }
wheels = [
    { url = "https://files.pythonhosted.org/packages/cb/b1/3846dd7f199d53cb17f49cba7e651e9ce294d8497c8c150530ed11865bb8/iniconfig-2.3.0-py3-none-any.whl", hash = "sha256:f631c04d2c48c52b84d0d0549c99ff3859c98df65b3101406327ecc7d53fbf12", size = 7484, upload-time = "2025-10-18T21:55:41.639Z" },
]

[[package]]
name = "packaging"
version = "26.3"
source = { registry = "https://pypi.org/simple" }
sdist = { url = "https://files.pythonhosted.org/packages/7d/fa/3944b40b07da9ce895c0e6303a5ab7d53da063554f534556b134a54d6093/packaging-26.3.tar.gz", hash = "sha256:94edc256424af38762eb31306eed28beb9f0efc50a8837492c9d6fd6004aed79", size = 313412, upload-time = "2026-08-04T18:15:28.737Z" }
wheels = [
    { url = "https://files.pythonhosted.org/packages/63/34/ba1c580383c9eada3711951fef0795c80b829a078d72188184bcab9dd527/packaging-26.3-py3-none-any.whl", hash = "sha256:d7193f7c8e4e93f444fde0262bf90af30e16fa0ad0ad44cb553c87339b23cd1c", size = 129956, upload-time = "2026-08-04T18:15:27.159Z" },
]

[[package]]
name = "pluggy"
version = "1.6.0"
source = { registry = "https://pypi.org/simple" }
sdist = { url = "https://files.pythonhosted.org/packages/f9/e2/3e91f31a7d2b083fe6ef3fa267035b518369d9511ffab804f839851d2779/pluggy-1.6.0.tar.gz", hash = "sha256:7dcc130b76258d33b90f61b658791dede3486c3e6bfb003ee5c9bfb396dd22f3", size = 69412, upload-time = "2025-05-15T12:30:07.975Z" }
wheels = [
    { url = "https://files.pythonhosted.org/packages/54/20/4d324d65cc6d9205fabedc306948156824eb9f0ee1633355a8f7ec5c66bf/pluggy-1.6.0-py3-none-any.whl", hash = "sha256:e920276dd6813095e9377c0bc5566d94c932c33b27a3e3945d8389c374dd4746", size = 20538, upload-time = "2025-05-15T12:30:06.134Z" },
]

[[package]]
name = "pydantic-monty"
version = "1.0.0"
source = { registry = "https://pypi.org/simple" }
dependencies = [
    { name = "pydantic-monty-client" },
    { name = "pydantic-monty-runtime" },
]
sdist = { url = "https://files.pythonhosted.org/packages/98/35/082c4fbf41b4d3501f6505016dbc2a4dd3a0b2eac2fc6ec63d0176121539/pydantic_monty-1.0.0.tar.gz", hash = "sha256:9a369b4b42ec6bee6de3f9df022bd851a21879defd4badb3c2a2dc558faf6807", size = 7735, upload-time = "2026-09-25T09:28:23.243Z" }
wheels = [
    { url = "https://files.pythonhosted.org/packages/09/ea/bf16ab86e43abcc9efd860ef202bc7f990241d7b4091d132e581e3e8d098/pydantic_monty-1.0.0-py3-none-any.whl", hash = "sha256:8146c699ec66e619013780d05193bf097ea6508dcaaca2a2dd19f8a382a0a286", size = 7329, upload-time = "2026-09-25T09:25:50.654Z" },
]

[[package]]
name = "pydantic-monty-client"
version = "1.0.0"
source = { registry = "https://pypi.org/simple" }
dependencies = [
    { name = "typing-extensions" },
]
sdist = { url = "https://files.pythonhosted.org/packages/41/1a/df7bb0ecf5e53191053ed63824af4ff2a976614ea6b3d4e54c43be3223c8/pydantic_monty_client-1.0.0.tar.gz", hash = "sha256:be045571b500d92de27b86de22c2a7a1130711667fa86a862865a650355da61a", size = 2430977, upload-time = "2026-09-25T09:28:24.417Z" }
wheels = [
    { url = "https://files.pythonhosted.org/packages/54/2e/e10fe6708071826348fb493ccd928d5208180cfc5050644bb0ea32d8d464/pydantic_monty_client-1.0.0-cp311-cp311-macosx_10_12_x86_64.whl", hash = "sha256:c39304328480a5adc60a56a5086827e110eb1f737782f8e82ea46e7f8aee4303", size = 4179845, upload-time = "2026-09-25T09:26:13.144Z" },
    { url = "https://files.pythonhosted.org/packages/30/c2/73531f6b0b9ca5b6164f093679fd0ebe28bdf870bcb445b8726b89aba972/pydantic_monty_client-1.0.0-cp311-cp311-macosx_11_0_arm64.whl", hash = "sha256:67ad9f010d5e110ee68befe4edfbe912e682a44da9b35d9d41d79c9b9f011e5f", size = 3964962, upload-time = "2026-09-25T09:26:15.001Z" },
    { url = "https://files.pythonhosted.org/packages/7c/3f/8981715d2e1cf3e18edf820d89a4a9f15f6ce9898be61399341333cfd39a/pydantic_monty_client-1.0.0-cp311-cp311-manylinux_2_28_aarch64.whl", hash = "sha256:bad9ec86461424a97a096330e6d4b3aa55a2e768af83cc21b20a985efa6be66c", size = 4027328, upload-time = "2026-09-25T09:26:16.528Z" },
    { url = "https://files.pythonhosted.org/packages/b2/ea/7c6f5b17d4a50cddfe3cbb0ac3d2f4a41f9a62e4a5dfb3a3e8b0c5b2936e/pydantic_monty_client-1.0.0-cp311-cp311-manylinux_2_28_armv7l.whl", hash = "sha256:9131027d8110750cf73c62492f137d8de2f6c4f0d1a75a469e5e87459afe2807", size = 3699738, upload-time = "2026-09-25T09:26:18.343Z" },
    { url = "https://files.pythonhosted.org/packages/cf/2b/3f647fe64818968529a99997a9c53e267fc5086d9d878a0889d772fcb4de/pydantic_monty_client-1.0.0-cp311-cp311-manylinux_2_28_i686.whl", hash = "sha256:5c133952eb57035f6666002e889ad69b34a2a5d33677f9cb1a9cc5d210dbb1ee", size = 3920418, upload-time = "2026-09-25T09:26:19.882Z" },
    { url = "https://files.pythonhosted.org/packages/5e/66/ae291d7b6e4de70625d18c3eefde5a94fbb0481773faa4426d86d5a02b19/pydantic_monty_client-1.0.0-cp311-cp311-manylinux_2_28_ppc64le.whl", hash = "sha256:d768eb38ef66b7e99c51ecdab34510796e02988315aad20c12b305fe4e16c25e", size = 4168454, upload-time = "2026-09-25T09:26:21.322Z" },
    { url = "https://files.pythonhosted.org/packages/48/85/d6a89bdcedb0181d18d8340b32e0ebd9d6a8c4cebfcd82d20e45a560362e/pydantic_monty_client-1.0.0-cp311-cp311-manylinux_2_28_s390x.whl", hash = "sha256:ad558d13db2ea7d5e2a993dd282376ac4430d7171f0aee248f138f1cbf3e0de2", size = 4032850, upload-time = "2026-09-25T09:26:22.908Z" },
    { url = "https://files.pythonhosted.org/packages/c8/04/99f0c0424fd5bfd7d4a6437f3dd4d952451a715642583839777e7694859d/pydantic_monty_client-1.0.0-cp311-cp311-manylinux_2_28_x86_64.whl", hash = "sha256:ad607253776a4d3dfe805318d26d4cf406ccbfc4c6b965a17e250db79ff127f9", size = 4300891, upload-time = "2026-09-25T09:26:24.349Z" },
    { url = "https://files.pythonhosted.org/packages/ec/c6/ecc936344b320fe081ea181d375baee3ff7664670cb9824e05b5cae10195/pydantic_monty_client-1.0.0-cp311-cp311-musllinux_1_1_aarch64.whl", hash = "sha256:848fd7edd19048663ecc7455a7294251ba1b15c397eef66fa0247c33a3e306e4", size = 4198629, upload-time = "2026-09-25T09:26:25.981Z" },
    { url = "https://files.pythonhosted.org/packages/12/f3/e8ca0ff4cc81551746f3b7167ce3d8d32e8110b7815bd32dbd1281909c94/pydantic_monty_client-1.0.0-cp311-cp311-musllinux_1_1_x86_64.whl", hash = "sha256:22847add149a0404d7881069bdd573a9959b71ab500ca7668ea9f45bef51154c", size = 4494930, upload-time = "2026-09-25T09:26:27.627Z" },
    { url = "https://files.pythonhosted.org/packages/84/fb/3b6a5c323cae61430555cf75ef5a3f81c085223c7a3c15271223cc2ce6f3/pydantic_monty_client-1.0.0-cp311-cp311-win32.whl", hash = "sha256:9b0b18059d2d681f5ab0f7b9c58890a45fd48fbe3ebd35444f640236a3c8ae63", size = 3576559, upload-time = "2026-09-25T09:26:29.17Z" },
    { url = "https://files.pythonhosted.org/packages/fb/58/e70ff7f18af2b9e06f411bb9e2653d55370aca72a800034bbdfcaf9810ef/pydantic_monty_client-1.0.0-cp311-cp311-win_amd64.whl", hash = "sha256:da1d089f888f8b997d68bcdd3d1fc8d119a7c37b92d390c92ba66b989d011db6", size = 4240278, upload-time = "2026-09-25T09:26:30.722Z" },
    { url = "https://files.pythonhosted.org/packages/6f/10/56930b2a92a2443799477ceb11f731ea8402a138025936e2b5438a28e639/pydantic_monty_client-1.0.0-cp312-cp312-macosx_10_12_x86_64.whl", hash = "sha256:e21bae7d2b999d474828b99c1f711dd1d0bd3d04e81e35f4489d2c98ec033d93", size = 4207587, upload-time = "2026-09-25T09:26:32.312Z" },
    { url = "https://files.pythonhosted.org/packages/39/90/3de5ca92746da8ce4cbfdbec6e89237659976732376ccfb9ef0dd1761e1e/pydantic_monty_client-1.0.0-cp312-cp312-macosx_11_0_arm64.whl", hash = "sha256:d1f77a028f3a3893f31e288b7400537cde3e0231992454641777a1a528175283", size = 3952854, upload-time = "2026-09-25T09:26:33.85Z" },
    { url = "https://files.pythonhosted.org/packages/46/23/8a8855ae49b6e1dfa6e214125c23aa104213675d0c7126adbbda6b2dca76/pydantic_monty_client-1.0.0-cp312-cp312-manylinux_2_28_aarch64.whl", hash = "sha256:1c6e9c36547bf1e3a795d33eb8f0e6a313d9d98c3e3b3d74e27f5265cdde4e40", size = 4024098, upload-time = "2026-09-25T09:26:35.537Z" },
    { url = "https://files.pythonhosted.org/packages/82/e6/991bd05e76fec04c4f43a99f0c0d73cd59663a506b1776b33477d30c111a/pydantic_monty_client-1.0.0-cp312-cp312-manylinux_2_28_armv7l.whl", hash = "sha256:b9cf48a47e9640068ad7f7fc3b73b125ae94f2cd3b0186a34a4c759dd0cbba47", size = 3699116, upload-time = "2026-09-25T09:26:37.43Z" },
    { url = "https://files.pythonhosted.org/packages/1d/d6/69d49801936aceb2c12f9e26cf88e58cd3bd3717bce5d3283ed7a600be89/pydantic_monty_client-1.0.0-cp312-cp312-manylinux_2_28_i686.whl", hash = "sha256:417887a7681dad5a67dc5216100079cc077be1ce8cc1296d11bc5e8b41e3493c", size = 3913754, upload-time = "2026-09-25T09:26:39.239Z" },
    { url = "https://files.pythonhosted.org/packages/dc/fb/d8b4365262f536ce394c766affd7c68d6d2795450a0c668d4d78b1f5b08f/pydantic_monty_client-1.0.0-cp312-cp312-manylinux_2_28_ppc64le.whl", hash = "sha256:f686100b253693d9d0bb55cac01d1ad83dbee0bb64f9a42b6fc5cc0e0ebcf0f9", size = 4164297, upload-time = "2026-09-25T09:26:40.733Z" },
    { url = "https://files.pythonhosted.org/packages/be/33/cef62c564ed6f7fef15b9474f58923d8d08e5da29cfb201918104f39c6bc/pydantic_monty_client-1.0.0-cp312-cp312-manylinux_2_28_s390x.whl", hash = "sha256:29f852775ea09b61cb4baea212fdc1a335fda00e05f7d9d3997135f8b2006ce3", size = 4035789, upload-time = "2026-09-25T09:26:42.286Z" },
    { url = "https://files.pythonhosted.org/packages/67/e5/eb2fc3dae3f7eaf3bad558b0e52e369d1419e7d7c5c68d1a53b988542d82/pydantic_monty_client-1.0.0-cp312-cp312-manylinux_2_28_x86_64.whl", hash = "sha256:8cbb089ed7029ab453171048fbd6e208a6c2614bc126a8a124808d4dc67bf2e0", size = 4299195, upload-time = "2026-09-25T09:26:44.132Z" },
    { url = "https://files.pythonhosted.org/packages/0b/fb/2744326db3e75ba03e51921fed1ed2dfc64ebeaa985d7150eff8907b62c5/pydantic_monty_client-1.0.0-cp312-cp312-musllinux_1_1_aarch64.whl", hash = "sha256:ad58459d438241652aead9b005108016f7097b81f3aabd2fe0f1ef8a09bc1c33", size = 4194214, upload-time = "2026-09-25T09:26:45.691Z" },
    { url = "https://files.pythonhosted.org/packages/f1/cd/b5c192c417ecdf2a06647de34fea916ea4c1e8225899fc0e46cf54c84bab/pydantic_monty_client-1.0.0-cp312-cp312-musllinux_1_1_x86_64.whl", hash = "sha256:df0a07208619a3344416e281cb3888c2c724dc36eabe8c90bdca5955d2749cc6", size = 4492884, upload-time = "2026-09-25T09:26:47.261Z" },
    { url = "https://files.pythonhosted.org/packages/65/32/c700a1db472a691efa4077b19ed90dd0ccd3cc8ed933e4e1255860a7a41b/pydantic_monty_client-1.0.0-cp312-cp312-win32.whl", hash = "sha256:1741be87646eec3cc32dece611b7b4c26bff32d9752d8748754e517a1a948813", size = 3570300, upload-time = "2026-09-25T09:26:48.757Z" },
    { url = "https://files.pythonhosted.org/packages/86/df/a03298de1fb3714621f48075d44d7427e4d20e76df332b0a5898c2dfb84e/pydantic_monty_client-1.0.0-cp312-cp312-win_amd64.whl", hash = "sha256:361a0998738e065c0d391f24f494a9e9cef385999c823244476287f239755060", size = 4229437, upload-time = "2026-09-25T09:26:50.405Z" },
    { url = "https://files.pythonhosted.org/packages/a6/46/73c24f661b65b587f3134a628fc4cafa083fcf9a6cf7ffd258ebfe2a991e/pydantic_monty_client-1.0.0-cp313-cp313-macosx_10_12_x86_64.whl", hash = "sha256:95815b12a3bb083995f63fb691851fb57c2cd44759dfe27b9bdb3a2dd501d579", size = 4212100, upload-time = "2026-09-25T09:26:52.02Z" },
    { url = "https://files.pythonhosted.org/packages/fc/38/e2ad3ff340ff2f3057d2d5510c4404ba4f6c3d94da1c5b85bbffa3e87c73/pydantic_monty_client-1.0.0-cp313-cp313-macosx_11_0_arm64.whl", hash = "sha256:65ab53d4d54d9c645402d24835ed1e6afa17b0304c8cf30b0d6c13f8f351617b", size = 3955765, upload-time = "2026-09-25T09:26:53.815Z" },
    { url = "https://files.pythonhosted.org/packages/37/48/6b807efcbf3b1eb7d8e45dc7269bb795332e06be82bd7cefe51fbabc1338/pydantic_monty_client-1.0.0-cp313-cp313-manylinux_2_28_aarch64.whl", hash = "sha256:d24eac9a6e513d3fa1d6e8310da7092aef1eeb3fb066588bf7e540a0c676ee53", size = 4027807, upload-time = "2026-09-25T09:26:55.574Z" },
    { url = "https://files.pythonhosted.org/packages/d7/10/bb648185608b5237b8b5f6c7087db9b9a28e7d278c8c580742b5536b5b77/pydantic_monty_client-1.0.0-cp313-cp313-manylinux_2_28_armv7l.whl", hash = "sha256:dbe9e2f24d8a8820a554d7dd09ff55569b4bb2009c5b6dd427d9c1f787deffff", size = 3699245, upload-time = "2026-09-25T09:26:57.485Z" },
    { url = "https://files.pythonhosted.org/packages/46/41/6c11d6640922c807f4e01c881ac0545fc434aada51f09e75fb85768cf65c/pydantic_monty_client-1.0.0-cp313-cp313-manylinux_2_28_i686.whl", hash = "sha256:acdad8e2b544914376902022d0ff3a5344ed14f6c04691ae723eaef1147d6a23", size = 3913756, upload-time = "2026-09-25T09:26:59.186Z" },
    { url = "https://files.pythonhosted.org/packages/a2/ba/6752edff2f6f86be96f4c7e5dd757208c4cd76f752960f41d2f327371390/pydantic_monty_client-1.0.0-cp313-cp313-manylinux_2_28_ppc64le.whl", hash = "sha256:8bbe1c6a631b64733ce1d388b100bb5a8bf02c4b6ab0a39930e9c51ab8370f61", size = 4165642, upload-time = "2026-09-25T09:27:00.758Z" },
    { url = "https://files.pythonhosted.org/packages/7c/31/4e502ec6efbf57d34a3a782a351fe7224b58f4ebde1e0c892f869480de30/pydantic_monty_client-1.0.0-cp313-cp313-manylinux_2_28_s390x.whl", hash = "sha256:e508badadca0beae6a0942d6c7581aa2451f27614bd79a34c6d137dcd709e8f1", size = 4037619, upload-time = "2026-09-25T09:27:02.572Z" },
    { url = "https://files.pythonhosted.org/packages/e6/c5/0d1fa2d0fc8c2c79f688592e2a91f2a5a9194e38ffcb7d145b0ee169a7c4/pydantic_monty_client-1.0.0-cp313-cp313-manylinux_2_28_x86_64.whl", hash = "sha256:99fd9b939eec65e6a91c219a02564821a39fbe7123a8d7aba5ba5a4abfa1b6e3", size = 4303187, upload-time = "2026-09-25T09:27:04.224Z" },
    { url = "https://files.pythonhosted.org/packages/8b/a6/fdf77bfb43a193656bb7768b8f8e22422e858d73eb24c756e463ec43894e/pydantic_monty_client-1.0.0-cp313-cp313-musllinux_1_1_aarch64.whl", hash = "sha256:c91f7ccfa66c4202cc9622f75a98623db3b50a02e503566c8ab7ef9ce4911ec7", size = 4196922, upload-time = "2026-09-25T09:27:05.825Z" },
    { url = "https://files.pythonhosted.org/packages/78/04/ebbc040c6d0787fae75f2a628eb3ca7075b1e7f0561a096f231478d8690c/pydantic_monty_client-1.0.0-cp313-cp313-musllinux_1_1_x86_64.whl", hash = "sha256:73892dc2cad1209069681db9f2a768b2b0a2b4045465979e2b999ef2f415a836", size = 4496654, upload-time = "2026-09-25T09:27:07.661Z" },
    { url = "https://files.pythonhosted.org/packages/4d/d9/07b86fafe740747e0daaf27cc711572ebd96db43d36f95810a2ddb062729/pydantic_monty_client-1.0.0-cp313-cp313-win32.whl", hash = "sha256:79596541436ba561cddf61c7dfdc68de573b17a32304941fac42423582176f15", size = 3570353, upload-time = "2026-09-25T09:27:09.803Z" },
    { url = "https://files.pythonhosted.org/packages/17/1b/71af4ab8970ab852f03ef22adcb67b9aad33d325a3b0289b29f58f4ad2ff/pydantic_monty_client-1.0.0-cp313-cp313-win_amd64.whl", hash = "sha256:b2e82ab1a9d7a1662dbe341af2cdd73e0bfb145ed127b197c2da367711e7e148", size = 4234404, upload-time = "2026-09-25T09:27:11.413Z" },
    { url = "https://files.pythonhosted.org/packages/f3/d2/5b9f7bf86fb5b345246401a99de560a2846b834fdc69d58c93231c467285/pydantic_monty_client-1.0.0-cp314-cp314-macosx_10_12_x86_64.whl", hash = "sha256:a35ca9aefc91ae7dc05842600aaf39f2a5d07f9cb0f22905b43790b411505ce3", size = 4213196, upload-time = "2026-09-25T09:27:13.008Z" },
    { url = "https://files.pythonhosted.org/packages/37/5a/f4eece4a59b4ae0c92b38011f3c869b042a84beabeff5206b1da72f475ed/pydantic_monty_client-1.0.0-cp314-cp314-macosx_11_0_arm64.whl", hash = "sha256:e86f31c1d306a1c1f8d491e6f13b0f3e2547613e6eb2dfcbed8372862680da32", size = 3954754, upload-time = "2026-09-25T09:27:14.685Z" },
    { url = "https://files.pythonhosted.org/packages/97/14/a5d05b148a703e219aebee1949c7bb0dce8e60d468820f11bc9543ab06ba/pydantic_monty_client-1.0.0-cp314-cp314-manylinux_2_28_aarch64.whl", hash = "sha256:0df59551e72b54c54a13905133e2cca1f53d5b2c65cf5eba5457ef0d30a591e5", size = 4027070, upload-time = "2026-09-25T09:27:16.394Z" },
    { url = "https://files.pythonhosted.org/packages/82/30/11ac95bbe8edc223cfa3aa3a498068080e8695561fcd805f86c7a4668ee1/pydantic_monty_client-1.0.0-cp314-cp314-manylinux_2_28_armv7l.whl", hash = "sha256:123d716e00885c2453ca948e820dd98fa1535111f67c6d6c8e9984d7f436c098", size = 3701552, upload-time = "2026-09-25T09:27:17.962Z" },
    { url = "https://files.pythonhosted.org/packages/4d/42/fddc511fa9048922ac163745a0db168f614fbbaadf0caf77fce1c8b2c6f2/pydantic_monty_client-1.0.0-cp314-cp314-manylinux_2_28_i686.whl", hash = "sha256:3e983ecfde00383f82c9a1ac2168f1dd41bed6eeb296cfd1923fba4b5c524fbb", size = 3914951, upload-time = "2026-09-25T09:27:19.561Z" },
    { url = "https://files.pythonhosted.org/packages/31/31/055622ca37748ae7c0f5feda6a074b8d71ce96dd3c22768f786aea8e7705/pydantic_monty_client-1.0.0-cp314-cp314-manylinux_2_28_ppc64le.whl", hash = "sha256:c86b790442bbdcdb950dd9844ecb95dd7dc64563efc5cd1d4cf4fe85cb1ca6b6", size = 4166497, upload-time = "2026-09-25T09:27:21.197Z" },
    { url = "https://files.pythonhosted.org/packages/12/52/e7b6be4ae20f6ac5fddf9f22243c7857df5f7a10040a6b104407962ee2b2/pydantic_monty_client-1.0.0-cp314-cp314-manylinux_2_28_s390x.whl", hash = "sha256:7407e72a0bdd4933988a652803131b6daebbd15b045f62ce47ae8709d307efa0", size = 4038863, upload-time = "2026-09-25T09:27:23.022Z" },
    { url = "https://files.pythonhosted.org/packages/1b/0a/b5ec0aad9ed27f3b4af3c014bf82ec59d849b66505e5dad593aecc77baaf/pydantic_monty_client-1.0.0-cp314-cp314-manylinux_2_28_x86_64.whl", hash = "sha256:d38ed7d58f2ca0714b03d3cfdaf1c73f2bbc7ce39723fa3addbd25e9b38e5704", size = 4304407, upload-time = "2026-09-25T09:27:24.749Z" },
    { url = "https://files.pythonhosted.org/packages/46/68/2c9360a0b9850a998a5b0326ac448e576c501b45f896e94dd18dc9470972/pydantic_monty_client-1.0.0-cp314-cp314-musllinux_1_1_aarch64.whl", hash = "sha256:795ac2ce54d32229a16fbdc2503b36c684b44e9dea7a37934c46dd9667bfa2e0", size = 4197125, upload-time = "2026-09-25T09:27:26.282Z" },
    { url = "https://files.pythonhosted.org/packages/a1/39/cc732da6d2d522819dee9d05be51f46595b0862cf36ac35ef537e0f21bdf/pydantic_monty_client-1.0.0-cp314-cp314-musllinux_1_1_x86_64.whl", hash = "sha256:3ffe62a8b465460d81cd28e7dbc87ca62e3d9843efd85c2e70e4ecf28c16f4b9", size = 4497476, upload-time = "2026-09-25T09:27:27.882Z" },
    { url = "https://files.pythonhosted.org/packages/6a/b7/834c18a32834fe02207b8cfdf22d0a3985a15d78decbb2aeb1b1d9d431d6/pydantic_monty_client-1.0.0-cp314-cp314-win32.whl", hash = "sha256:d6083c47f8468923550626e1f32b6b02c84d2b2265ab82e315d050ff5ce3b196", size = 3571226, upload-time = "2026-09-25T09:27:29.404Z" },
    { url = "https://files.pythonhosted.org/packages/e7/f8/452cc97c7ac185fb92a158c4d5e8bfeb8e9a687f25af2144a6cf14711059/pydantic_monty_client-1.0.0-cp314-cp314t-macosx_10_12_x86_64.whl", hash = "sha256:c83bdc6f327d44f36b89f6b64704cf0b1864deb1193d90ed49bbf009845ca756", size = 4202954, upload-time = "2026-09-25T09:27:30.913Z" },
    { url = "https://files.pythonhosted.org/packages/8e/44/7693ead02db72864444d73e5969458c5d2f037df1ebb14851dcce44c7ad9/pydantic_monty_client-1.0.0-cp314-cp314t-macosx_11_0_arm64.whl", hash = "sha256:fc7ec09056cd197cacbd0d006910504ff00884078aae2eec225e5bb24ca69ce8", size = 3946827, upload-time = "2026-09-25T09:27:32.521Z" },
    { url = "https://files.pythonhosted.org/packages/ba/e5/ded4d684f1abdc6c12ed66dc73c8317eb0a554a5b2429fe7903667f6f9e6/pydantic_monty_client-1.0.0-cp314-cp314t-manylinux_2_28_aarch64.whl", hash = "sha256:be20134342e30d2d0b79bb6ef841c075263ca6654a4fdeb6df041af4727a78f2", size = 4021210, upload-time = "2026-09-25T09:27:33.988Z" },
    { url = "https://files.pythonhosted.org/packages/ba/9e/8246d4900f8103d757aacd8b58847e3570d2336e5ba5fbfc34fb81bb165d/pydantic_monty_client-1.0.0-cp314-cp314t-manylinux_2_28_armv7l.whl", hash = "sha256:844e13e2885054ca567318972a31b6f25dec6c4234440f6bf3803d332ceb05e0", size = 3691763, upload-time = "2026-09-25T09:27:35.474Z" },
    { url = "https://files.pythonhosted.org/packages/23/a4/e7e95c0d4568e1dd170250fc4ec0a7bc67aea95affc950b663506c4e3413/pydantic_monty_client-1.0.0-cp314-cp314t-manylinux_2_28_i686.whl", hash = "sha256:993bfe2cd1262a2a24a77d2ca6e0783a66cba5d5ec26c20f49a1e518dcab04c5", size = 3908069, upload-time = "2026-09-25T09:27:37.045Z" },
    { url = "https://files.pythonhosted.org/packages/88/05/311d652569d44725ff76fc6ae1fb5cab1ae138275f0fbfe43d4d8069b897/pydantic_monty_client-1.0.0-cp314-cp314t-manylinux_2_28_ppc64le.whl", hash = "sha256:1cdfa348116224b5b3a95492bf025669f677ecfd5600a7343b5d5bfa074f0107", size = 4159694, upload-time = "2026-09-25T09:27:38.821Z" },
    { url = "https://files.pythonhosted.org/packages/c1/3d/7231eeb837e2724ddddb8fdad223e63d3f16c62f865bca7a1edf3b4b656a/pydantic_monty_client-1.0.0-cp314-cp314t-manylinux_2_28_s390x.whl", hash = "sha256:45e869f3ea40c2cf6804e6aedb92674b1c65a754ef86c070af2f6af728adb6a6", size = 4028453, upload-time = "2026-09-25T09:27:41.082Z" },
    { url = "https://files.pythonhosted.org/packages/38/b5/23fda0f520a72b3cda950d7495231cf8df997a26c52ef03bdcc224566756/pydantic_monty_client-1.0.0-cp314-cp314t-manylinux_2_28_x86_64.whl", hash = "sha256:6f1be232e40ea022ba5308dc1ff5b820fe3d549fedd970364f7b497c142e4bac", size = 4298278, upload-time = "2026-09-25T09:27:42.665Z" },
    { url = "https://files.pythonhosted.org/packages/5f/18/f8edf4790329d5fc0bf35a71a1223d0debd35e077c71af5c25c025d3b7ba/pydantic_monty_client-1.0.0-cp314-cp314t-musllinux_1_1_aarch64.whl", hash = "sha256:6c3f6f703397c61df74bb4ad4a567947c76ca5a655b1929cf1648f5476181836", size = 4190513, upload-time = "2026-09-25T09:27:44.186Z" },
    { url = "https://files.pythonhosted.org/packages/3f/ef/3cc4ba2ef452cae3880c3cd9d00180045ec9a5f04343477666ea2f72ae83/pydantic_monty_client-1.0.0-cp314-cp314t-musllinux_1_1_x86_64.whl", hash = "sha256:6edddc92d9eaa9342ad8ea5f3dd5188d6f56ea4e8c6c58f8bfed1831ab7b0cea", size = 4492143, upload-time = "2026-09-25T09:27:45.725Z" },
    { url = "https://files.pythonhosted.org/packages/fa/40/afd6a2feaae4ec9252edeb9774c595a16c30f74c129388bb147b839af5da/pydantic_monty_client-1.0.0-cp314-cp314t-win32.whl", hash = "sha256:0d15ba329743e4fa161db51cf6623d7fcba4db387657fe1f857dcf93b8b9a57c", size = 3563860, upload-time = "2026-09-25T09:27:47.711Z" },
    { url = "https://files.pythonhosted.org/packages/9e/68/524726116f9f365800e99b4cb728ac3f03969e63cbed92d4788333868b75/pydantic_monty_client-1.0.0-cp314-cp314t-win_amd64.whl", hash = "sha256:bcc38e76529e68101ec2a65abd4c284954606ead48b0cd1071a79ad9da390c29", size = 4230842, upload-time = "2026-09-25T09:27:49.232Z" },
]

[[package]]
name = "pydantic-monty-runtime"
version = "1.0.0"
source = { registry = "https://pypi.org/simple" }
sdist = { url = "https://files.pythonhosted.org/packages/68/80/993fe8687f0435b07c6e80ff5638439f21b890b03d9a065f866cde6b1469/pydantic_monty_runtime-1.0.0.tar.gz", hash = "sha256:e3e5e992fce918fe4e07746ec18a762d52f6b03641d91210340da2d50f5c3808", size = 2118065, upload-time = "2026-09-25T09:28:25.888Z" }
wheels = [
    { url = "https://files.pythonhosted.org/packages/a6/c7/229549266704c7fa590647d4d4d06e6d5f81b5ba7c29e703c834a0dcfa7a/pydantic_monty_runtime-1.0.0-py3-none-macosx_10_12_x86_64.whl", hash = "sha256:ad3cc6d8bc294ea30f87f2a58c3c825f7ccd7ce0f7c8670a0fac5a36392d3c1f", size = 11660795, upload-time = "2026-09-25T09:27:51.777Z" },
    { url = "https://files.pythonhosted.org/packages/10/8c/9c3be4c955f1d60cf2762b5b97fc6ba7c4df2d533b30fb0e57d99c86cfb5/pydantic_monty_runtime-1.0.0-py3-none-macosx_11_0_arm64.whl", hash = "sha256:0eb6ad7aef7a8e6e0b00082476ef9c969a9592ef706760cbb499bab654424977", size = 13675944, upload-time = "2026-09-25T09:27:54.588Z" },
    { url = "https://files.pythonhosted.org/packages/94/0f/b7f8fef18c826a63a736dabe9f324d1aaddd9ccdc8a6076c22aece79200d/pydantic_monty_runtime-1.0.0-py3-none-manylinux_2_28_aarch64.whl", hash = "sha256:f7855b0d1c903bbe25baa78fbf91449ad7c77d8eafb8d8c7dc61d44b83ad258a", size = 14155901, upload-time = "2026-09-25T09:27:57.278Z" },
    { url = "https://files.pythonhosted.org/packages/34/94/099f86243d381f6e4e20e3eda1763fdb333d78312b78e735ea90bb51f358/pydantic_monty_runtime-1.0.0-py3-none-manylinux_2_28_armv7l.whl", hash = "sha256:339172a5c3520424cacfdf2fe1f15bfd7078e3a7f4532209e88b7f43da3a978c", size = 12244523, upload-time = "2026-09-25T09:28:00.092Z" },
    { url = "https://files.pythonhosted.org/packages/a4/26/bc966bb400f8dfdd33bb5e95cefbe57f5c89eb6fe1d83ca0cf8f237b9d46/pydantic_monty_runtime-1.0.0-py3-none-manylinux_2_28_i686.whl", hash = "sha256:e617910bf576333b9ffa8c0acaa8aa01bf3e31f06ab05d82b442ae87a0001b3f", size = 12433896, upload-time = "2026-09-25T09:28:02.711Z" },
    { url = "https://files.pythonhosted.org/packages/cd/54/270c70afebc2e2509eebd0bd140ee801a4ba0417779001287241309638d5/pydantic_monty_runtime-1.0.0-py3-none-manylinux_2_28_ppc64le.whl", hash = "sha256:6a20fb0c69a4c6274eab9e975115ebbcac95697c47090779c1d7538682fa4849", size = 12812931, upload-time = "2026-09-25T09:28:05.462Z" },
    { url = "https://files.pythonhosted.org/packages/aa/ba/d727a052c79129033cbfb6d1059f2fcee9cef0be6bd67be1e26ac5ffff24/pydantic_monty_runtime-1.0.0-py3-none-manylinux_2_28_s390x.whl", hash = "sha256:3129999308b229def8765b41acc53aa3cff5b98a2f5f48011b69d1b5707f9974", size = 13496373, upload-time = "2026-09-25T09:28:07.913Z" },
    { url = "https://files.pythonhosted.org/packages/6c/4c/94dc2da6c43eebe4f0cc9ef314083e95fb629fe585ad064a0c0c5072648a/pydantic_monty_runtime-1.0.0-py3-none-manylinux_2_28_x86_64.whl", hash = "sha256:d4e9bf8fcbd394ec17c97197c2399e4cd19d8ed3faca2e7c3f1a18fce06d0358", size = 14724691, upload-time = "2026-09-25T09:28:11.155Z" },
    { url = "https://files.pythonhosted.org/packages/d0/57/15bc3efcd2668f99c63fcc0f0c32a12a18af942536d3ea3ee91fb8b26544/pydantic_monty_runtime-1.0.0-py3-none-musllinux_1_1_aarch64.whl", hash = "sha256:f640b600b02226e146e491018a802ee72d7745d4faf5c04ac2845f47eb3c35ca", size = 11398386, upload-time = "2026-09-25T09:28:13.754Z" },
    { url = "https://files.pythonhosted.org/packages/5a/8d/de1a9b073edbdf7416d0d205da918469f43f19303200c55659224e509810/pydantic_monty_runtime-1.0.0-py3-none-musllinux_1_1_x86_64.whl", hash = "sha256:68bc630c83853d338bf06fab9350642f85ec83ff086b3af41ec4ad3a0cd72e2c", size = 12010864, upload-time = "2026-09-25T09:28:16.419Z" },
    { url = "https://files.pythonhosted.org/packages/0b/eb/85ed985b91de3812a04ea542ccf2d2add7021c1eeb33e691322ffa225ff4/pydantic_monty_runtime-1.0.0-py3-none-win32.whl", hash = "sha256:00103a0dce8261897a496ac6155ecc3dda4547175ce7f9553bc53cbe37ecb586", size = 11414331, upload-time = "2026-09-25T09:28:18.863Z" },
    { url = "https://files.pythonhosted.org/packages/e2/3e/e441ee978043984af8ef4a227928436f24c126714f1a09a73d2e7cd0cdc1/pydantic_monty_runtime-1.0.0-py3-none-win_amd64.whl", hash = "sha256:7df6a7ed774eb53a955f267124127be07df7afd657883e5a5d1046a72255e67d", size = 12266376, upload-time = "2026-09-25T09:28:21.349Z" },
]

[[package]]
name = "pygments"
version = "2.21.0"
source = { registry = "https://pypi.org/simple" }
sdist = { url = "https://files.pythonhosted.org/packages/49/2e/ced460408999b33da6b31b0021b0f37d329e202d4169aeb164493778f25b/pygments-2.21.0.tar.gz", hash = "sha256:610ca751c9bc2492b38eb9a38a7fbc93edbbb2d7182edaf34e66ae493dee5c8c", size = 5005329, upload-time = "2026-08-17T08:02:48.824Z" }
wheels = [
    { url = "https://files.pythonhosted.org/packages/71/46/17f022dd3e953bf20a04a028a21ec746d942f8d2af30fa0f124fa0e6a684/pygments-2.21.0-py3-none-any.whl", hash = "sha256:2363c69b61c4a97c838da3b130dcd6468f4848992b21a82f2a63ec34377137d9", size = 1250147, upload-time = "2026-08-17T08:02:44.912Z" },
]

[[package]]
name = "pytest"
version = "9.1.1"
source = { registry = "https://pypi.org/simple" }
dependencies = [
    { name = "colorama", marker = "sys_platform == 'win32'" },
    { name = "iniconfig" },
    { name = "packaging" },
    { name = "pluggy" },
    { name = "pygments" },
]
sdist = { url = "https://files.pythonhosted.org/packages/e4/47/b9efed96c114afcfa3c9d3fe98a76a1d14c74a9e266d397cf6eb64be5e01/pytest-9.1.1.tar.gz", hash = "sha256:1088fbde8f2b49d95a549a195707afa7a76a3ce9bcadc26b6d71f0ffda5fe313", size = 1636369, upload-time = "2026-06-19T10:58:32.857Z" }
wheels = [
    { url = "https://files.pythonhosted.org/packages/24/25/1de2678b631f5a49215c6c96fff41ba892b0a34df68d6d80292b1b48aa7f/pytest-9.1.1-py3-none-any.whl", hash = "sha256:37a86b45efb9a47a61a36449063e8e18d0cab3161329fc099eb21783169c4f0c", size = 386536, upload-time = "2026-06-19T10:58:31.347Z" },
]

[[package]]
name = "relay-boxes"
version = "0.1.0"
source = { editable = "." }
dependencies = [
    { name = "pydantic-monty" },
]

[package.dev-dependencies]
dev = [
    { name = "pytest" },
]

[package.metadata]
requires-dist = [{ name = "pydantic-monty", specifier = "==1.0.0" }]

[package.metadata.requires-dev]
dev = [{ name = "pytest", specifier = ">=8" }]

[[package]]
name = "typing-extensions"
version = "4.16.0"
source = { registry = "https://pypi.org/simple" }
sdist = { url = "https://files.pythonhosted.org/packages/f6/cc/6253133b5bb138fc3306cebfbda2c520f545d36b5be2c7255cc528bb45d6/typing_extensions-4.16.0.tar.gz", hash = "sha256:dc983d19a509c94dba722ee6abd33940f7c05a89e243c47e907eb4db6f1a43e5", size = 113555, upload-time = "2026-07-02T08:40:05.92Z" }
wheels = [
    { url = "https://files.pythonhosted.org/packages/49/d3/b8441a820a491ddfc024b0b0cf0393375b75ea13866d9c66727e54c2fc80/typing_extensions-4.16.0-py3-none-any.whl", hash = "sha256:481caa481374e813c1b176ada14e97f1f67a4539ce9cfeb3f350d78d6370c2e8", size = 45571, upload-time = "2026-07-02T08:40:04.659Z" },
]
